<?xml version="1.0" encoding="utf-8"?>
<Project ToolsVersion="4.0" xmlns="http://schemas.microsoft.com/developer/msbuild/2003">
  <ItemGroup>
    <Filter Include="Source Files">
      <UniqueIdentifier>{4FC737F1-C7A5-4376-A066-2A32D752A2FF}</UniqueIdentifier>
      <Extensions>cpp;c;cc;cxx;c++;cppm;ixx;def;odl;idl;hpj;bat;asm;asmx</Extensions>
    </Filter>
    <Filter Include="Header Files">
      <UniqueIdentifier>{93995380-89BD-4b04-88EB-625FBE52EBFB}</UniqueIdentifier>
      <Extensions>h;hh;hpp;hxx;h++;hm;inl;inc;ipp;xsd</Extensions>
    </Filter>
    <Filter Include="Resource Files">
      <UniqueIdentifier>{67DA6AB6-F800-4c08-8B7A-83BB121AAD01}</UniqueIdentifier>
      <Extensions>rc;ico;cur;bmp;dlg;rc2;rct;bin;rgs;gif;jpg;jpeg;jpe;resx;tiff;tif;png;wav;mfcribbon-ms</Extensions>
    </Filter>
    <Filter Include="Source Files\Game">
      <UniqueIdentifier>{6b990d28-bc83-443d-9b52-d17403a8ec0c}</UniqueIdentifier>
    </Filter>
    <Filter Include="Source Files\Helper">
      <UniqueIdentifier>{f78ce8d9-26cb-4a57-bf28-e02a821fb016}</UniqueIdentifier>
    </Filter>
    <Filter Include="Header Files\Game">
      <UniqueIdentifier>{efcb7024-dd94-4880-b755-6cd69474defe}</UniqueIdentifier>
    </Filter>
    <Filter Include="Header Files\Helper">
      <UniqueIdentifier>{721926b7-374c-45fb-87f4-e5ab9941f936}</UniqueIdentifier>
    </Filter>
    <Filter Include="Header Files\GameStates">
      <UniqueIdentifier>{34caf5c5-638f-440f-91eb-d12d18585c16}</UniqueIdentifier>
    </Filter>
    <Filter Include="Source Files\GameStates">
      <UniqueIdentifier>{ed663615-145f-4c1e-a2b4-ebd4f860aaad}</UniqueIdentifier>
    </Filter>
    <Filter Include="Header Files\GameStates\Begin">
      <UniqueIdentifier>{dedeb2cd-736e-4423-a8ef-a7f008695914}</UniqueIdentifier>
    </Filter>
    <Filter Include="Header Files\Actors">
      <UniqueIdentifier>{6592a0b2-9c55-4234-8a38-70d8f4bb956b}</UniqueIdentifier>
    </Filter>
    <Filter Include="Header Files\GameStates\Map">
      <UniqueIdentifier>{25c41145-8d3e-4d62-b7b4-697fad497f32}</UniqueIdentifier>
    </Filter>
    <Filter Include="Header Files\GameStates\Explore">
      <UniqueIdentifier>{1b098e39-3f28-4de0-87bc-f255d839db82}</UniqueIdentifier>
    </Filter>
    <Filter Include="Header Files\GameStates\Battle">
      <UniqueIdentifier>{0056c7c1-e496-4bb7-b956-733264e0ec88}</UniqueIdentifier>
    </Filter>
    <Filter Include="Source Files\GameStates\Begin">
      <UniqueIdentifier>{6adff9dd-dcb4-4c3d-8ec2-8441b2cc7dc8}</UniqueIdentifier>
    </Filter>
    <Filter Include="Source Files\GameStates\Battle">
      <UniqueIdentifier>{9ef6a2a5-463e-4a1e-b62d-bf2663a171e1}</UniqueIdentifier>
    </Filter>
    <Filter Include="Source Files\GameStates\Map">
      <UniqueIdentifier>{1724d082-a76b-4b72-8ea5-49b734ebf00a}</UniqueIdentifier>
    </Filter>
    <Filter Include="Source Files\GameStates\Explore">
      <UniqueIdentifier>{d6019da2-a51d-4023-aac3-667e456bdddc}</UniqueIdentifier>
    </Filter>
    <Filter Include="Source Files\Actors">
      <UniqueIdentifier>{b00191eb-d987-4cd1-934b-8a7efb4a4d28}</UniqueIdentifier>
    </Filter>
    <Filter Include="Header Files\GameStates\Loot">
      <UniqueIdentifier>{2d9a1631-1ce7-4530-b627-e601aa4a3cf7}</UniqueIdentifier>
    </Filter>
    <Filter Include="Source Files\GameStates\Loot">
      <UniqueIdentifier>{b990ec16-4fbe-45b5-b182-90ca605d5b01}</UniqueIdentifier>
    </Filter>
  </ItemGroup>
  <ItemGroup>
    <ClCompile Include="DungeonBattlesOfWinterspellCpp.cpp">
      <Filter>Source Files</Filter>
    </ClCompile>
    <ClCompile Include="ICharacter.cpp">
      <Filter>Source Files\Actors</Filter>
    </ClCompile>
    <ClCompile Include="PlayerCharacter.cpp">
      <Filter>Source Files\Actors</Filter>
    </ClCompile>
    <ClCompile Include="IEnemy.cpp">
      <Filter>Source Files\Actors</Filter>
    </ClCompile>
    <ClCompile Include="Game.cpp">
      <Filter>Source Files\Game</Filter>
    </ClCompile>
    <ClCompile Include="IWeapon.cpp">
      <Filter>Source Files\Actors</Filter>
    </ClCompile>
    <ClCompile Include="InvItem.cpp">
      <Filter>Source Files\Actors</Filter>
    </ClCompile>
    <ClCompile Include="GameText.cpp">
      <Filter>Source Files\Helper</Filter>
    </ClCompile>
    <ClCompile Include="UI.cpp">
      <Filter>Source Files\Helper</Filter>
    </ClCompile>
    <ClCompile Include="InputManager.cpp">
      <Filter>Source Files\Helper</Filter>
    </ClCompile>
    <ClCompile Include="GameState.h">
      <Filter>Header Files\Game</Filter>
    </ClCompile>
    <ClCompile Include="Characters.cpp">
      <Filter>Source Files\Actors</Filter>
    </ClCompile>
    <ClCompile Include="Enemies.cpp">
      <Filter>Source Files\Actors</Filter>
    </ClCompile>
    <ClCompile Include="Weapons.cpp">
      <Filter>Source Files\Actors</Filter>
    </ClCompile>
    <ClCompile Include="ICreature.cpp">
      <Filter>Source Files\Actors</Filter>
    </ClCompile>
    <ClCompile Include="CharacterCreation.cpp">
      <Filter>Source Files\GameStates\Begin</Filter>
    </ClCompile>
    <ClCompile Include="DungeonGenerator.cpp">
      <Filter>Source Files\GameStates\Begin</Filter>
    </ClCompile>
    <ClCompile Include="Battle.cpp">
      <Filter>Source Files\GameStates\Battle</Filter>
    </ClCompile>
    <ClCompile Include="Map.cpp">
      <Filter>Source Files\GameStates\Map</Filter>
    </ClCompile>
    <ClCompile Include="ExploreDungeon.cpp">
      <Filter>Source Files\GameStates\Explore</Filter>
    </ClCompile>
    <ClCompile Include="DungeonRoom.cpp">
      <Filter>Source Files\Actors</Filter>
    </ClCompile>
    <ClCompile Include="Story.cpp">
      <Filter>Source Files\Game</Filter>
    </ClCompile>
    <ClCompile Include="Input.cpp">
      <Filter>Source Files\Helper</Filter>
    </ClCompile>
    <ClCompile Include="LootRoom.cpp">
      <Filter>Source Files\GameStates\Loot</Filter>
    </ClCompile>
    <ClCompile Include="LootItem.cpp">
      <Filter>Source Files\Actors</Filter>
    </ClCompile>
    <ClCompile Include="Inventory.cpp">
      <Filter>Source Files\Helper</Filter>
    </ClCompile>
  </ItemGroup>
  <ItemGroup>
    <ClInclude Include="Game.h">
      <Filter>Header Files\Game</Filter>
    </ClInclude>
    <ClInclude Include="UI.h">
      <Filter>Header Files\Helper</Filter>
    </ClInclude>
    <ClInclude Include="InputManager.h">
      <Filter>Header Files\Helper</Filter>
    </ClInclude>
    <ClInclude Include="PlayerCharacter.h">
      <Filter>Header Files\Actors</Filter>
    </ClInclude>
    <ClInclude Include="ICharacter.h">
      <Filter>Header Files\Actors</Filter>
    </ClInclude>
    <ClInclude Include="IEnemy.h">
      <Filter>Header Files\Actors</Filter>
    </ClInclude>
    <ClInclude Include="IWeapon.h">
      <Filter>Header Files\Actors</Filter>
    </ClInclude>
    <ClInclude Include="InvItem.h">
      <Filter>Header Files\Actors</Filter>
    </ClInclude>
    <ClInclude Include="GameText.h">
      <Filter>Header Files\Helper</Filter>
    </ClInclude>
    <ClInclude Include="Characters.h">
      <Filter>Header Files\Actors</Filter>
    </ClInclude>
    <ClInclude Include="Enemies.h">
      <Filter>Header Files\Actors</Filter>
    </ClInclude>
    <ClInclude Include="Weapons.h">
      <Filter>Header Files\Actors</Filter>
    </ClInclude>
    <ClInclude Include="ICreature.h">
      <Filter>Header Files\Actors</Filter>
    </ClInclude>
    <ClInclude Include="CharacterCreation.h">
      <Filter>Header Files\GameStates\Begin</Filter>
    </ClInclude>
    <ClInclude Include="DungeonGenerator.h">
      <Filter>Header Files\GameStates\Begin</Filter>
    </ClInclude>
    <ClInclude Include="Map.h">
      <Filter>Header Files\GameStates\Map</Filter>
    </ClInclude>
    <ClInclude Include="ExploreDungeon.h">
      <Filter>Header Files\GameStates\Explore</Filter>
    </ClInclude>
    <ClInclude Include="Battle.h">
      <Filter>Header Files\GameStates\Battle</Filter>
    </ClInclude>
    <ClInclude Include="DungeonRoom.h">
      <Filter>Header Files\Actors</Filter>
    </ClInclude>
    <ClInclude Include="Story.h">
      <Filter>Header Files\Game</Filter>
    </ClInclude>
    <ClInclude Include="Input.h">
      <Filter>Header Files\Helper</Filter>
    </ClInclude>
    <ClInclude Include="LootRoom.h">
      <Filter>Header Files\GameStates\Loot</Filter>
    </ClInclude>
    <ClInclude Include="LootItem.h">
      <Filter>Header Files\Actors</Filter>
    </ClInclude>
    <ClInclude Include="ItemTypes.h">
      <Filter>Header Files\Actors</Filter>
    </ClInclude>
    <ClInclude Include="Inventory.h">
      <Filter>Header Files\Helper</Filter>
    </ClInclude>
  </ItemGroup>
  <ItemGroup>
    <None Include=".gitignore" />
  </ItemGroup>
</Project>